
Microsoft Visual Studio Solution File, Format Version 12.00
# Visual Studio Version 17
VisualStudioVersion = 17.3.32901.215
MinimumVisualStudioVersion = 10.0.40219.1
Project("{FAE04EC0-301F-11D3-BF4B-00C04F79EFBC}") = "WpfApp1", "WpfApp1\WpfApp1.csproj", "{8D7C6DF0-678A-41B6-8306-6B0EF3A1DE89}"
EndProject
Global
	GlobalSection(SolutionConfigurationPlatforms) = preSolution
		Debug|Any CPU = Debug|Any CPU
		Release|Any CPU = Release|Any CPU
	EndGlobalSection
	GlobalSection(ProjectConfigurationPlatforms) = postSolution
		{8D7C6DF0-678A-41B6-8306-6B0EF3A1DE89}.Debug|Any CPU.ActiveCfg = Debug|Any CPU
		{8D7C6DF0-678A-41B6-8306-6B0EF3A1DE89}.Debug|Any CPU.Build.0 = Debug|Any CPU
		{8D7C6DF0-678A-41B6-8306-6B0EF3A1DE89}.Release|Any CPU.ActiveCfg = Release|Any CPU
		{8D7C6DF0-678A-41B6-8306-6B0EF3A1DE89}.Release|Any CPU.Build.0 = Release|Any CPU
	EndGlobalSection
	GlobalSection(SolutionProperties) = preSolution
		HideSolutionNode = FALSE
	EndGlobalSection
	GlobalSection(ExtensibilityGlobals) = postSolution
		SolutionGuid = {99E6D9CB-92EE-49E3-AE74-A8574851C62A}
	EndGlobalSection
EndGlobal
